{
  "name": "tf-toxicity",
  "version": "1.0.0",
  "lockfileVersion": 2,
  "requires": true,
  "packages": {
    "": {
      "name": "tf-toxicity",
      "version": "1.0.0",
      "license": "MIT",
      "dependencies": {
        "@tensorflow-models/toxicity": "^1.2.2",
        "dotenv": "^16.0.3",
        "readline": "^1.3.0",
        "ts-node": "^10.9.1"
      },
      "devDependencies": {
        "@types/whatwg-fetch": "^0.0.33"
      }
    },
    "node_modules/@cspotcode/source-map-support": {
      "version": "0.8.1",
      "resolved": "https://registry.npmjs.org/@cspotcode/source-map-support/-/source-map-support-0.8.1.tgz",
      "integrity": "sha512-IchNf6dN4tHoMFIn/7OE8LWZ19Y6q/67Bmf6vnGREv8RSbBVb9LPJxEcnwrcwX6ixSvaiGoomAUvu4YSxXrVgw==",
      "dependencies": {
        "@jridgewell/trace-mapping": "0.3.9"
      },
      "engines": {
        "node": ">=12"
      }
    },
    "node_modules/@jridgewell/resolve-uri": {
      "version": "3.1.0",
      "resolved": "https://registry.npmjs.org/@jridgewell/resolve-uri/-/resolve-uri-3.1.0.tgz",
      "integrity": "sha512-F2msla3tad+Mfht5cJq7LSXcdudKTWCVYUgw6pLFOOHSTtZlj6SWNYAp+AhuqLmWdBO2X5hPrLcu8cVP8fy28w==",
      "engines": {
        "node": ">=6.0.0"
      }
    },
    "node_modules/@jridgewell/sourcemap-codec": {
      "version": "1.4.14",
      "resolved": "https://registry.npmjs.org/@jridgewell/sourcemap-codec/-/sourcemap-codec-1.4.14.tgz",
      "integrity": "sha512-XPSJHWmi394fuUuzDnGz1wiKqWfo1yXecHQMRf2l6hztTO+nPru658AyDngaBe7isIxEkRsPR3FZh+s7iVa4Uw=="
    },
    "node_modules/@jridgewell/trace-mapping": {
      "version": "0.3.9",
      "resolved": "https://registry.npmjs.org/@jridgewell/trace-mapping/-/trace-mapping-0.3.9.tgz",
      "integrity": "sha512-3Belt6tdc8bPgAtbcmdtNJlirVoTmEb5e2gC94PnkwEW9jI6CAHUeoG85tjWP5WquqfavoMtMwiG4P926ZKKuQ==",
      "dependencies": {
        "@jridgewell/resolve-uri": "^3.0.3",
        "@jridgewell/sourcemap-codec": "^1.4.10"
      }
    },
    "node_modules/@tensorflow-models/toxicity": {
      "version": "1.2.2",
      "resolved": "https://registry.npmjs.org/@tensorflow-models/toxicity/-/toxicity-1.2.2.tgz",
      "integrity": "sha512-DSMIoBzNyX7+4D4cGKjsFLbCuJz3bksYpwFHKAjTp4+tmgAGpNyg5nDXXI/IQp18nMTbLKgLruLWOxq5y7P4WQ==",
      "dependencies": {
        "@tensorflow-models/universal-sentence-encoder": "~1.2.2"
      },
      "peerDependencies": {
        "@tensorflow/tfjs-converter": "^1.3.3",
        "@tensorflow/tfjs-core": "^1.3.3"
      }
    },
    "node_modules/@tensorflow-models/universal-sentence-encoder": {
      "version": "1.2.2",
      "resolved": "https://registry.npmjs.org/@tensorflow-models/universal-sentence-encoder/-/universal-sentence-encoder-1.2.2.tgz",
      "integrity": "sha512-fGCl/gwB7jmKCRI2FhgIBeIa/LCSUcjlEcckH2Bc2dIjhJ+2nspp+22lubxcseN6jjrmP42kkXt/reAPe+KJkQ==",
      "peerDependencies": {
        "@tensorflow/tfjs-converter": "^1.2.9",
        "@tensorflow/tfjs-core": "^1.2.9"
      }
    },
    "node_modules/@tensorflow/tfjs-converter": {
      "version": "1.7.4",
      "resolved": "https://registry.npmjs.org/@tensorflow/tfjs-converter/-/tfjs-converter-1.7.4.tgz",
      "integrity": "sha512-B/Ux9I3osI0CXoESGR0Xe5C6BsEfC04+g2xn5zVaW9KEuVEnGEgnuBQxgijRFzkqTwoyLv4ptAmjyIghVARX0Q==",
      "peer": true,
      "peerDependencies": {
        "@tensorflow/tfjs-core": "1.7.4"
      }
    },
    "node_modules/@tensorflow/tfjs-core": {
      "version": "1.7.4",
      "resolved": "https://registry.npmjs.org/@tensorflow/tfjs-core/-/tfjs-core-1.7.4.tgz",
      "integrity": "sha512-3G4VKJ6nPs7iCt6gs3bjRj8chihKrYWenf63R0pm7D9MhlrVoX/tpN4LYVMGgBL7jHPxMLKdOkoAZJrn/J88HQ==",
      "peer": true,
      "dependencies": {
        "@types/offscreencanvas": "~2019.3.0",
        "@types/seedrandom": "2.4.27",
        "@types/webgl-ext": "0.0.30",
        "@types/webgl2": "0.0.4",
        "node-fetch": "~2.1.2",
        "seedrandom": "2.4.3"
      },
      "engines": {
        "yarn": ">= 1.3.2"
      }
    },
    "node_modules/@tsconfig/node10": {
      "version": "1.0.9",
      "resolved": "https://registry.npmjs.org/@tsconfig/node10/-/node10-1.0.9.tgz",
      "integrity": "sha512-jNsYVVxU8v5g43Erja32laIDHXeoNvFEpX33OK4d6hljo3jDhCBDhx5dhCCTMWUojscpAagGiRkBKxpdl9fxqA=="
    },
    "node_modules/@tsconfig/node12": {
      "version": "1.0.11",
      "resolved": "https://registry.npmjs.org/@tsconfig/node12/-/node12-1.0.11.tgz",
      "integrity": "sha512-cqefuRsh12pWyGsIoBKJA9luFu3mRxCA+ORZvA4ktLSzIuCUtWVxGIuXigEwO5/ywWFMZ2QEGKWvkZG1zDMTag=="
    },
    "node_modules/@tsconfig/node14": {
      "version": "1.0.3",
      "resolved": "https://registry.npmjs.org/@tsconfig/node14/-/node14-1.0.3.tgz",
      "integrity": "sha512-ysT8mhdixWK6Hw3i1V2AeRqZ5WfXg1G43mqoYlM2nc6388Fq5jcXyr5mRsqViLx/GJYdoL0bfXD8nmF+Zn/Iow=="
    },
    "node_modules/@tsconfig/node16": {
      "version": "1.0.3",
      "resolved": "https://registry.npmjs.org/@tsconfig/node16/-/node16-1.0.3.tgz",
      "integrity": "sha512-yOlFc+7UtL/89t2ZhjPvvB/DeAr3r+Dq58IgzsFkOAvVC6NMJXmCGjbptdXdR9qsX7pKcTL+s87FtYREi2dEEQ=="
    },
    "node_modules/@types/node": {
      "version": "18.14.0",
      "resolved": "https://registry.npmjs.org/@types/node/-/node-18.14.0.tgz",
      "integrity": "sha512-5EWrvLmglK+imbCJY0+INViFWUHg1AHel1sq4ZVSfdcNqGy9Edv3UB9IIzzg+xPaUcAgZYcfVs2fBcwDeZzU0A==",
      "peer": true
    },
    "node_modules/@types/offscreencanvas": {
      "version": "2019.3.0",
      "resolved": "https://registry.npmjs.org/@types/offscreencanvas/-/offscreencanvas-2019.3.0.tgz",
      "integrity": "sha512-esIJx9bQg+QYF0ra8GnvfianIY8qWB0GBx54PK5Eps6m+xTj86KLavHv6qDhzKcu5UUOgNfJ2pWaIIV7TRUd9Q==",
      "peer": true
    },
    "node_modules/@types/seedrandom": {
      "version": "2.4.27",
      "resolved": "https://registry.npmjs.org/@types/seedrandom/-/seedrandom-2.4.27.tgz",
      "integrity": "sha512-YvMLqFak/7rt//lPBtEHv3M4sRNA+HGxrhFZ+DQs9K2IkYJbNwVIb8avtJfhDiuaUBX/AW0jnjv48FV8h3u9bQ==",
      "peer": true
    },
    "node_modules/@types/webgl-ext": {
      "version": "0.0.30",
      "resolved": "https://registry.npmjs.org/@types/webgl-ext/-/webgl-ext-0.0.30.tgz",
      "integrity": "sha512-LKVgNmBxN0BbljJrVUwkxwRYqzsAEPcZOe6S2T6ZaBDIrFp0qu4FNlpc5sM1tGbXUYFgdVQIoeLk1Y1UoblyEg==",
      "peer": true
    },
    "node_modules/@types/webgl2": {
      "version": "0.0.4",
      "resolved": "https://registry.npmjs.org/@types/webgl2/-/webgl2-0.0.4.tgz",
      "integrity": "sha512-PACt1xdErJbMUOUweSrbVM7gSIYm1vTncW2hF6Os/EeWi6TXYAYMPp+8v6rzHmypE5gHrxaxZNXgMkJVIdZpHw==",
      "peer": true
    },
    "node_modules/@types/whatwg-fetch": {
      "version": "0.0.33",
      "resolved": "https://registry.npmjs.org/@types/whatwg-fetch/-/whatwg-fetch-0.0.33.tgz",
      "integrity": "sha512-XSWTlUwpjUyLiDu50HhtpUyhvt7QND1ANfyFfiw/TH63GC1ngZMl2rgxuH5SQKfPjMoKRXv94r7crWnJ3mg5tA==",
      "deprecated": "fetch types are now provided by '--lib dom'",
      "dev": true,
      "dependencies": {
        "@types/whatwg-streams": "*"
      }
    },
    "node_modules/@types/whatwg-streams": {
      "version": "3.2.1",
      "resolved": "https://registry.npmjs.org/@types/whatwg-streams/-/whatwg-streams-3.2.1.tgz",
      "integrity": "sha512-Syv05sRL25b8cC8tqgXSQgLZZmqGq2GO+NafrtHbjPJccP6gWBXmHvo2Trw3AWXQ4QLIkVuOB7uStCuhzswyiw==",
      "deprecated": "This is a stub types definition. whatwg-streams provides its own type definitions, so you do not need this installed.",
      "dev": true,
      "dependencies": {
        "whatwg-streams": "*"
      }
    },
    "node_modules/acorn": {
      "version": "8.8.2",
      "resolved": "https://registry.npmjs.org/acorn/-/acorn-8.8.2.tgz",
      "integrity": "sha512-xjIYgE8HBrkpd/sJqOGNspf8uHG+NOHGOw6a/Urj8taM2EXfdNAH2oFcPeIFfsv3+kz/mJrS5VuMqbNLjCa2vw==",
      "bin": {
        "acorn": "bin/acorn"
      },
      "engines": {
        "node": ">=0.4.0"
      }
    },
    "node_modules/acorn-walk": {
      "version": "8.2.0",
      "resolved": "https://registry.npmjs.org/acorn-walk/-/acorn-walk-8.2.0.tgz",
      "integrity": "sha512-k+iyHEuPgSw6SbuDpGQM+06HQUa04DZ3o+F6CSzXMvvI5KMvnaEqXe+YVe555R9nn6GPt404fos4wcgpw12SDA==",
      "engines": {
        "node": ">=0.4.0"
      }
    },
    "node_modules/arg": {
      "version": "4.1.3",
      "resolved": "https://registry.npmjs.org/arg/-/arg-4.1.3.tgz",
      "integrity": "sha512-58S9QDqG0Xx27YwPSt9fJxivjYl432YCwfDMfZ+71RAqUrZef7LrKQZ3LHLOwCS4FLNBplP533Zx895SeOCHvA=="
    },
    "node_modules/bluebird": {
      "version": "1.0.8",
      "resolved": "https://registry.npmjs.org/bluebird/-/bluebird-1.0.8.tgz",
      "integrity": "sha512-e8rlJcByuxPdMiiwU3lGtENflMtUncAblzSlN7rBAZ9ygb75D/rng3Xt5FbZpYqVCzK+sFHVIMht4G6fbfUfbA==",
      "dev": true
    },
    "node_modules/create-require": {
      "version": "1.1.1",
      "resolved": "https://registry.npmjs.org/create-require/-/create-require-1.1.1.tgz",
      "integrity": "sha512-dcKFX3jn0MpIaXjisoRvexIJVEKzaq7z2rZKxf+MSr9TkdmHmsU4m2lcLojrj/FHl8mk5VxMmYA+ftRkP/3oKQ=="
    },
    "node_modules/deep-equal": {
      "version": "0.1.2",
      "resolved": "https://registry.npmjs.org/deep-equal/-/deep-equal-0.1.2.tgz",
      "integrity": "sha512-rUCt39nKM7s6qUyYgp/reJmtXjgkOS/JbLO24DioMZaBNkD3b7C7cD3zJjSyjclEElNTpetAIRD6fMIbBIbX1Q==",
      "dev": true
    },
    "node_modules/defined": {
      "version": "0.0.0",
      "resolved": "https://registry.npmjs.org/defined/-/defined-0.0.0.tgz",
      "integrity": "sha512-zpqiCT8bODLu3QSmLLic8xJnYWBFjOSu/fBCm189oAiTtPq/PSanNACKZDS7kgSyCJY7P+IcODzlIogBK/9RBg==",
      "dev": true
    },
    "node_modules/diff": {
      "version": "4.0.2",
      "resolved": "https://registry.npmjs.org/diff/-/diff-4.0.2.tgz",
      "integrity": "sha512-58lmxKSA4BNyLz+HHMUzlOEpg09FV+ev6ZMe3vJihgdxzgcwZ8VoEEPmALCZG9LmqfVoNMMKpttIYTVG6uDY7A==",
      "engines": {
        "node": ">=0.3.1"
      }
    },
    "node_modules/dotenv": {
      "version": "16.0.3",
      "resolved": "https://registry.npmjs.org/dotenv/-/dotenv-16.0.3.tgz",
      "integrity": "sha512-7GO6HghkA5fYG9TYnNxi14/7K9f5occMlp3zXAuSxn7CKCxt9xbNWG7yF8hTCSUchlfWSe3uLmlPfigevRItzQ==",
      "engines": {
        "node": ">=12"
      }
    },
    "node_modules/inherits": {
      "version": "2.0.4",
      "resolved": "https://registry.npmjs.org/inherits/-/inherits-2.0.4.tgz",
      "integrity": "sha512-k/vGaX4/Yla3WzyMCvTQOXYeIHvqOKtnqBduzTHpzpQZzAskKMhZ2K+EnBiSM9zGSoIFeMpXKxa4dYeZIQqewQ==",
      "dev": true
    },
    "node_modules/jsonify": {
      "version": "0.0.1",
      "resolved": "https://registry.npmjs.org/jsonify/-/jsonify-0.0.1.tgz",
      "integrity": "sha512-2/Ki0GcmuqSrgFyelQq9M05y7PS0mEwuIzrf3f1fPqkVDVRvZrPZtVSMHxdgo8Aq0sxAOb/cr2aqqA3LeWHVPg==",
      "dev": true,
      "funding": {
        "url": "https://github.com/sponsors/ljharb"
      }
    },
    "node_modules/make-error": {
      "version": "1.3.6",
      "resolved": "https://registry.npmjs.org/make-error/-/make-error-1.3.6.tgz",
      "integrity": "sha512-s8UhlNe7vPKomQhC1qFelMokr/Sc3AgNbso3n74mVPA5LTZwkB9NlXf4XPamLxJE8h0gh73rM94xvwRT2CVInw=="
    },
    "node_modules/node-fetch": {
      "version": "2.1.2",
      "resolved": "https://registry.npmjs.org/node-fetch/-/node-fetch-2.1.2.tgz",
      "integrity": "sha512-IHLHYskTc2arMYsHZH82PVX8CSKT5lzb7AXeyO06QnjGDKtkv+pv3mEki6S7reB/x1QPo+YPxQRNEVgR5V/w3Q==",
      "peer": true,
      "engines": {
        "node": "4.x || >=6.0.0"
      }
    },
    "node_modules/readline": {
      "version": "1.3.0",
      "resolved": "https://registry.npmjs.org/readline/-/readline-1.3.0.tgz",
      "integrity": "sha512-k2d6ACCkiNYz222Fs/iNze30rRJ1iIicW7JuX/7/cozvih6YCkFZH+J6mAFDVgv0dRBaAyr4jDqC95R2y4IADg=="
    },
    "node_modules/resumer": {
      "version": "0.0.0",
      "resolved": "https://registry.npmjs.org/resumer/-/resumer-0.0.0.tgz",
      "integrity": "sha512-Fn9X8rX8yYF4m81rZCK/5VmrmsSbqS/i3rDLl6ZZHAXgC2nTAx3dhwG8q8odP/RmdLa2YrybDJaAMg+X1ajY3w==",
      "dev": true,
      "dependencies": {
        "through": "~2.3.4"
      }
    },
    "node_modules/seedrandom": {
      "version": "2.4.3",
      "resolved": "https://registry.npmjs.org/seedrandom/-/seedrandom-2.4.3.tgz",
      "integrity": "sha512-2CkZ9Wn2dS4mMUWQaXLsOAfGD+irMlLEeSP3cMxpGbgyOOzJGFa+MWCOMTOCMyZinHRPxyOj/S/C57li/1to6Q==",
      "peer": true
    },
    "node_modules/tape": {
      "version": "2.3.3",
      "resolved": "https://registry.npmjs.org/tape/-/tape-2.3.3.tgz",
      "integrity": "sha512-V3tQqlti/JJm577hhDdoCOw1xl4aPcDjTY6PesnFjWDcUYzB6fz39ETXFQuPr9piaoHPfc65sjAehTgbfXOvxQ==",
      "dev": true,
      "dependencies": {
        "deep-equal": "~0.1.0",
        "defined": "~0.0.0",
        "inherits": "~2.0.1",
        "jsonify": "~0.0.0",
        "resumer": "~0.0.0",
        "through": "~2.3.4"
      },
      "bin": {
        "tape": "bin/tape"
      }
    },
    "node_modules/through": {
      "version": "2.3.8",
      "resolved": "https://registry.npmjs.org/through/-/through-2.3.8.tgz",
      "integrity": "sha512-w89qg7PI8wAdvX60bMDP+bFoD5Dvhm9oLheFp5O4a2QF0cSBGsBX4qZmadPMvVqlLJBBci+WqGGOAPvcDeNSVg==",
      "dev": true
    },
    "node_modules/ts-node": {
      "version": "10.9.1",
      "resolved": "https://registry.npmjs.org/ts-node/-/ts-node-10.9.1.tgz",
      "integrity": "sha512-NtVysVPkxxrwFGUUxGYhfux8k78pQB3JqYBXlLRZgdGUqTO5wU/UyHop5p70iEbGhB7q5KmiZiU0Y3KlJrScEw==",
      "dependencies": {
        "@cspotcode/source-map-support": "^0.8.0",
        "@tsconfig/node10": "^1.0.7",
        "@tsconfig/node12": "^1.0.7",
        "@tsconfig/node14": "^1.0.0",
        "@tsconfig/node16": "^1.0.2",
        "acorn": "^8.4.1",
        "acorn-walk": "^8.1.1",
        "arg": "^4.1.0",
        "create-require": "^1.1.0",
        "diff": "^4.0.1",
        "make-error": "^1.1.1",
        "v8-compile-cache-lib": "^3.0.1",
        "yn": "3.1.1"
      },
      "bin": {
        "ts-node": "dist/bin.js",
        "ts-node-cwd": "dist/bin-cwd.js",
        "ts-node-esm": "dist/bin-esm.js",
        "ts-node-script": "dist/bin-script.js",
        "ts-node-transpile-only": "dist/bin-transpile.js",
        "ts-script": "dist/bin-script-deprecated.js"
      },
      "peerDependencies": {
        "@swc/core": ">=1.2.50",
        "@swc/wasm": ">=1.2.50",
        "@types/node": "*",
        "typescript": ">=2.7"
      },
      "peerDependenciesMeta": {
        "@swc/core": {
          "optional": true
        },
        "@swc/wasm": {
          "optional": true
        }
      }
    },
    "node_modules/typescript": {
      "version": "4.9.5",
      "resolved": "https://registry.npmjs.org/typescript/-/typescript-4.9.5.tgz",
      "integrity": "sha512-1FXk9E2Hm+QzZQ7z+McJiHL4NW1F2EzMu9Nq9i3zAaGqibafqYwCVU6WyWAuyQRRzOlxou8xZSyXLEN8oKj24g==",
      "peer": true,
      "bin": {
        "tsc": "bin/tsc",
        "tsserver": "bin/tsserver"
      },
      "engines": {
        "node": ">=4.2.0"
      }
    },
    "node_modules/v8-compile-cache-lib": {
      "version": "3.0.1",
      "resolved": "https://registry.npmjs.org/v8-compile-cache-lib/-/v8-compile-cache-lib-3.0.1.tgz",
      "integrity": "sha512-wa7YjyUGfNZngI/vtK0UHAN+lgDCxBPCylVXGp0zu59Fz5aiGtNXaq3DhIov063MorB+VfufLh3JlF2KdTK3xg=="
    },
    "node_modules/whatwg-streams": {
      "version": "0.1.1",
      "resolved": "https://registry.npmjs.org/whatwg-streams/-/whatwg-streams-0.1.1.tgz",
      "integrity": "sha512-+UIxdkkbcbhhmcDJIdgVtGTJ7sxV81MY1K++LIWufM8BnIXek3andXURjVs8rV8h2MEFLQbH6YPPZOZATIkZiw==",
      "dev": true,
      "dependencies": {
        "bluebird": "~1.0.0",
        "tape": "~2.3.2"
      }
    },
    "node_modules/yn": {
      "version": "3.1.1",
      "resolved": "https://registry.npmjs.org/yn/-/yn-3.1.1.tgz",
      "integrity": "sha512-Ux4ygGWsu2c7isFWe8Yu1YluJmqVhxqK2cLXNQA5AcC3QfbGNpM7fu0Y8b/z16pXLnFxZYvWhd3fhBY9DLmC6Q==",
      "engines": {
        "node": ">=6"
      }
    }
  },
  "dependencies": {
    "@cspotcode/source-map-support": {
      "version": "0.8.1",
      "resolved": "https://registry.npmjs.org/@cspotcode/source-map-support/-/source-map-support-0.8.1.tgz",
      "integrity": "sha512-IchNf6dN4tHoMFIn/7OE8LWZ19Y6q/67Bmf6vnGREv8RSbBVb9LPJxEcnwrcwX6ixSvaiGoomAUvu4YSxXrVgw==",
      "requires": {
        "@jridgewell/trace-mapping": "0.3.9"
      }
    },
    "@jridgewell/resolve-uri": {
      "version": "3.1.0",
      "resolved": "https://registry.npmjs.org/@jridgewell/resolve-uri/-/resolve-uri-3.1.0.tgz",
      "integrity": "sha512-F2msla3tad+Mfht5cJq7LSXcdudKTWCVYUgw6pLFOOHSTtZlj6SWNYAp+AhuqLmWdBO2X5hPrLcu8cVP8fy28w=="
    },
    "@jridgewell/sourcemap-codec": {
      "version": "1.4.14",
      "resolved": "https://registry.npmjs.org/@jridgewell/sourcemap-codec/-/sourcemap-codec-1.4.14.tgz",
      "integrity": "sha512-XPSJHWmi394fuUuzDnGz1wiKqWfo1yXecHQMRf2l6hztTO+nPru658AyDngaBe7isIxEkRsPR3FZh+s7iVa4Uw=="
    },
    "@jridgewell/trace-mapping": {
      "version": "0.3.9",
      "resolved": "https://registry.npmjs.org/@jridgewell/trace-mapping/-/trace-mapping-0.3.9.tgz",
      "integrity": "sha512-3Belt6tdc8bPgAtbcmdtNJlirVoTmEb5e2gC94PnkwEW9jI6CAHUeoG85tjWP5WquqfavoMtMwiG4P926ZKKuQ==",
      "requires": {
        "@jridgewell/resolve-uri": "^3.0.3",
        "@jridgewell/sourcemap-codec": "^1.4.10"
      }
    },
    "@tensorflow-models/toxicity": {
      "version": "1.2.2",
      "resolved": "https://registry.npmjs.org/@tensorflow-models/toxicity/-/toxicity-1.2.2.tgz",
      "integrity": "sha512-DSMIoBzNyX7+4D4cGKjsFLbCuJz3bksYpwFHKAjTp4+tmgAGpNyg5nDXXI/IQp18nMTbLKgLruLWOxq5y7P4WQ==",
      "requires": {
        "@tensorflow-models/universal-sentence-encoder": "~1.2.2"
      }
    },
    "@tensorflow-models/universal-sentence-encoder": {
      "version": "1.2.2",
      "resolved": "https://registry.npmjs.org/@tensorflow-models/universal-sentence-encoder/-/universal-sentence-encoder-1.2.2.tgz",
      "integrity": "sha512-fGCl/gwB7jmKCRI2FhgIBeIa/LCSUcjlEcckH2Bc2dIjhJ+2nspp+22lubxcseN6jjrmP42kkXt/reAPe+KJkQ==",
      "requires": {}
    },
    "@tensorflow/tfjs-converter": {
      "version": "1.7.4",
      "resolved": "https://registry.npmjs.org/@tensorflow/tfjs-converter/-/tfjs-converter-1.7.4.tgz",
      "integrity": "sha512-B/Ux9I3osI0CXoESGR0Xe5C6BsEfC04+g2xn5zVaW9KEuVEnGEgnuBQxgijRFzkqTwoyLv4ptAmjyIghVARX0Q==",
      "peer": true,
      "requires": {}
    },
    "@tensorflow/tfjs-core": {
      "version": "1.7.4",
      "resolved": "https://registry.npmjs.org/@tensorflow/tfjs-core/-/tfjs-core-1.7.4.tgz",
      "integrity": "sha512-3G4VKJ6nPs7iCt6gs3bjRj8chihKrYWenf63R0pm7D9MhlrVoX/tpN4LYVMGgBL7jHPxMLKdOkoAZJrn/J88HQ==",
      "peer": true,
      "requires": {
        "@types/offscreencanvas": "~2019.3.0",
        "@types/seedrandom": "2.4.27",
        "@types/webgl-ext": "0.0.30",
        "@types/webgl2": "0.0.4",
        "node-fetch": "~2.1.2",
        "seedrandom": "2.4.3"
      }
    },
    "@tsconfig/node10": {
      "version": "1.0.9",
      "resolved": "https://registry.npmjs.org/@tsconfig/node10/-/node10-1.0.9.tgz",
      "integrity": "sha512-jNsYVVxU8v5g43Erja32laIDHXeoNvFEpX33OK4d6hljo3jDhCBDhx5dhCCTMWUojscpAagGiRkBKxpdl9fxqA=="
    },
    "@tsconfig/node12": {
      "version": "1.0.11",
      "resolved": "https://registry.npmjs.org/@tsconfig/node12/-/node12-1.0.11.tgz",
      "integrity": "sha512-cqefuRsh12pWyGsIoBKJA9luFu3mRxCA+ORZvA4ktLSzIuCUtWVxGIuXigEwO5/ywWFMZ2QEGKWvkZG1zDMTag=="
    },
    "@tsconfig/node14": {
      "version": "1.0.3",
      "resolved": "https://registry.npmjs.org/@tsconfig/node14/-/node14-1.0.3.tgz",
      "integrity": "sha512-ysT8mhdixWK6Hw3i1V2AeRqZ5WfXg1G43mqoYlM2nc6388Fq5jcXyr5mRsqViLx/GJYdoL0bfXD8nmF+Zn/Iow=="
    },
    "@tsconfig/node16": {
      "version": "1.0.3",
      "resolved": "https://registry.npmjs.org/@tsconfig/node16/-/node16-1.0.3.tgz",
      "integrity": "sha512-yOlFc+7UtL/89t2ZhjPvvB/DeAr3r+Dq58IgzsFkOAvVC6NMJXmCGjbptdXdR9qsX7pKcTL+s87FtYREi2dEEQ=="
    },
    "@types/node": {
      "version": "18.14.0",
      "resolved": "https://registry.npmjs.org/@types/node/-/node-18.14.0.tgz",
      "integrity": "sha512-5EWrvLmglK+imbCJY0+INViFWUHg1AHel1sq4ZVSfdcNqGy9Edv3UB9IIzzg+xPaUcAgZYcfVs2fBcwDeZzU0A==",
      "peer": true
    },
    "@types/offscreencanvas": {
      "version": "2019.3.0",
      "resolved": "https://registry.npmjs.org/@types/offscreencanvas/-/offscreencanvas-2019.3.0.tgz",
      "integrity": "sha512-esIJx9bQg+QYF0ra8GnvfianIY8qWB0GBx54PK5Eps6m+xTj86KLavHv6qDhzKcu5UUOgNfJ2pWaIIV7TRUd9Q==",
      "peer": true
    },
    "@types/seedrandom": {
      "version": "2.4.27",
      "resolved": "https://registry.npmjs.org/@types/seedrandom/-/seedrandom-2.4.27.tgz",
      "integrity": "sha512-YvMLqFak/7rt//lPBtEHv3M4sRNA+HGxrhFZ+DQs9K2IkYJbNwVIb8avtJfhDiuaUBX/AW0jnjv48FV8h3u9bQ==",
      "peer": true
    },
    "@types/webgl-ext": {
      "version": "0.0.30",
      "resolved": "https://registry.npmjs.org/@types/webgl-ext/-/webgl-ext-0.0.30.tgz",
      "integrity": "sha512-LKVgNmBxN0BbljJrVUwkxwRYqzsAEPcZOe6S2T6ZaBDIrFp0qu4FNlpc5sM1tGbXUYFgdVQIoeLk1Y1UoblyEg==",
      "peer": true
    },
    "@types/webgl2": {
      "version": "0.0.4",
      "resolved": "https://registry.npmjs.org/@types/webgl2/-/webgl2-0.0.4.tgz",
      "integrity": "sha512-PACt1xdErJbMUOUweSrbVM7gSIYm1vTncW2hF6Os/EeWi6TXYAYMPp+8v6rzHmypE5gHrxaxZNXgMkJVIdZpHw==",
      "peer": true
    },
    "@types/whatwg-fetch": {
      "version": "0.0.33",
      "resolved": "https://registry.npmjs.org/@types/whatwg-fetch/-/whatwg-fetch-0.0.33.tgz",
      "integrity": "sha512-XSWTlUwpjUyLiDu50HhtpUyhvt7QND1ANfyFfiw/TH63GC1ngZMl2rgxuH5SQKfPjMoKRXv94r7crWnJ3mg5tA==",
      "dev": true,
      "requires": {
        "@types/whatwg-streams": "*"
      }
    },
    "@types/whatwg-streams": {
      "version": "3.2.1",
      "resolved": "https://registry.npmjs.org/@types/whatwg-streams/-/whatwg-streams-3.2.1.tgz",
      "integrity": "sha512-Syv05sRL25b8cC8tqgXSQgLZZmqGq2GO+NafrtHbjPJccP6gWBXmHvo2Trw3AWXQ4QLIkVuOB7uStCuhzswyiw==",
      "dev": true,
      "requires": {
        "whatwg-streams": "*"
      }
    },
    "acorn": {
      "version": "8.8.2",
      "resolved": "https://registry.npmjs.org/acorn/-/acorn-8.8.2.tgz",
      "integrity": "sha512-xjIYgE8HBrkpd/sJqOGNspf8uHG+NOHGOw6a/Urj8taM2EXfdNAH2oFcPeIFfsv3+kz/mJrS5VuMqbNLjCa2vw=="
    },
    "acorn-walk": {
      "version": "8.2.0",
      "resolved": "https://registry.npmjs.org/acorn-walk/-/acorn-walk-8.2.0.tgz",
      "integrity": "sha512-k+iyHEuPgSw6SbuDpGQM+06HQUa04DZ3o+F6CSzXMvvI5KMvnaEqXe+YVe555R9nn6GPt404fos4wcgpw12SDA=="
    },
    "arg": {
      "version": "4.1.3",
      "resolved": "https://registry.npmjs.org/arg/-/arg-4.1.3.tgz",
      "integrity": "sha512-58S9QDqG0Xx27YwPSt9fJxivjYl432YCwfDMfZ+71RAqUrZef7LrKQZ3LHLOwCS4FLNBplP533Zx895SeOCHvA=="
    },
    "bluebird": {
      "version": "1.0.8",
      "resolved": "https://registry.npmjs.org/bluebird/-/bluebird-1.0.8.tgz",
      "integrity": "sha512-e8rlJcByuxPdMiiwU3lGtENflMtUncAblzSlN7rBAZ9ygb75D/rng3Xt5FbZpYqVCzK+sFHVIMht4G6fbfUfbA==",
      "dev": true
    },
    "create-require": {
      "version": "1.1.1",
      "resolved": "https://registry.npmjs.org/create-require/-/create-require-1.1.1.tgz",
      "integrity": "sha512-dcKFX3jn0MpIaXjisoRvexIJVEKzaq7z2rZKxf+MSr9TkdmHmsU4m2lcLojrj/FHl8mk5VxMmYA+ftRkP/3oKQ=="
    },
    "deep-equal": {
      "version": "0.1.2",
      "resolved": "https://registry.npmjs.org/deep-equal/-/deep-equal-0.1.2.tgz",
      "integrity": "sha512-rUCt39nKM7s6qUyYgp/reJmtXjgkOS/JbLO24DioMZaBNkD3b7C7cD3zJjSyjclEElNTpetAIRD6fMIbBIbX1Q==",
      "dev": true
    },
    "defined": {
      "version": "0.0.0",
      "resolved": "https://registry.npmjs.org/defined/-/defined-0.0.0.tgz",
      "integrity": "sha512-zpqiCT8bODLu3QSmLLic8xJnYWBFjOSu/fBCm189oAiTtPq/PSanNACKZDS7kgSyCJY7P+IcODzlIogBK/9RBg==",
      "dev": true
    },
    "diff": {
      "version": "4.0.2",
      "resolved": "https://registry.npmjs.org/diff/-/diff-4.0.2.tgz",
      "integrity": "sha512-58lmxKSA4BNyLz+HHMUzlOEpg09FV+ev6ZMe3vJihgdxzgcwZ8VoEEPmALCZG9LmqfVoNMMKpttIYTVG6uDY7A=="
    },
    "dotenv": {
      "version": "16.0.3",
      "resolved": "https://registry.npmjs.org/dotenv/-/dotenv-16.0.3.tgz",
      "integrity": "sha512-7GO6HghkA5fYG9TYnNxi14/7K9f5occMlp3zXAuSxn7CKCxt9xbNWG7yF8hTCSUchlfWSe3uLmlPfigevRItzQ=="
    },
    "inherits": {
      "version": "2.0.4",
      "resolved": "https://registry.npmjs.org/inherits/-/inherits-2.0.4.tgz",
      "integrity": "sha512-k/vGaX4/Yla3WzyMCvTQOXYeIHvqOKtnqBduzTHpzpQZzAskKMhZ2K+EnBiSM9zGSoIFeMpXKxa4dYeZIQqewQ==",
      "dev": true
    },
    "jsonify": {
      "version": "0.0.1",
      "resolved": "https://registry.npmjs.org/jsonify/-/jsonify-0.0.1.tgz",
      "integrity": "sha512-2/Ki0GcmuqSrgFyelQq9M05y7PS0mEwuIzrf3f1fPqkVDVRvZrPZtVSMHxdgo8Aq0sxAOb/cr2aqqA3LeWHVPg==",
      "dev": true
    },
    "make-error": {
      "version": "1.3.6",
      "resolved": "https://registry.npmjs.org/make-error/-/make-error-1.3.6.tgz",
      "integrity": "sha512-s8UhlNe7vPKomQhC1qFelMokr/Sc3AgNbso3n74mVPA5LTZwkB9NlXf4XPamLxJE8h0gh73rM94xvwRT2CVInw=="
    },
    "node-fetch": {
      "version": "2.1.2",
      "resolved": "https://registry.npmjs.org/node-fetch/-/node-fetch-2.1.2.tgz",
      "integrity": "sha512-IHLHYskTc2arMYsHZH82PVX8CSKT5lzb7AXeyO06QnjGDKtkv+pv3mEki6S7reB/x1QPo+YPxQRNEVgR5V/w3Q==",
      "peer": true
    },
    "readline": {
      "version": "1.3.0",
      "resolved": "https://registry.npmjs.org/readline/-/readline-1.3.0.tgz",
      "integrity": "sha512-k2d6ACCkiNYz222Fs/iNze30rRJ1iIicW7JuX/7/cozvih6YCkFZH+J6mAFDVgv0dRBaAyr4jDqC95R2y4IADg=="
    },
    "resumer": {
      "version": "0.0.0",
      "resolved": "https://registry.npmjs.org/resumer/-/resumer-0.0.0.tgz",
      "integrity": "sha512-Fn9X8rX8yYF4m81rZCK/5VmrmsSbqS/i3rDLl6ZZHAXgC2nTAx3dhwG8q8odP/RmdLa2YrybDJaAMg+X1ajY3w==",
      "dev": true,
      "requires": {
        "through": "~2.3.4"
      }
    },
    "seedrandom": {
      "version": "2.4.3",
      "resolved": "https://registry.npmjs.org/seedrandom/-/seedrandom-2.4.3.tgz",
      "integrity": "sha512-2CkZ9Wn2dS4mMUWQaXLsOAfGD+irMlLEeSP3cMxpGbgyOOzJGFa+MWCOMTOCMyZinHRPxyOj/S/C57li/1to6Q==",
      "peer": true
    },
    "tape": {
      "version": "2.3.3",
      "resolved": "https://registry.npmjs.org/tape/-/tape-2.3.3.tgz",
      "integrity": "sha512-V3tQqlti/JJm577hhDdoCOw1xl4aPcDjTY6PesnFjWDcUYzB6fz39ETXFQuPr9piaoHPfc65sjAehTgbfXOvxQ==",
      "dev": true,
      "requires": {
        "deep-equal": "~0.1.0",
        "defined": "~0.0.0",
        "inherits": "~2.0.1",
        "jsonify": "~0.0.0",
        "resumer": "~0.0.0",
        "through": "~2.3.4"
      }
    },
    "through": {
      "version": "2.3.8",
      "resolved": "https://registry.npmjs.org/through/-/through-2.3.8.tgz",
      "integrity": "sha512-w89qg7PI8wAdvX60bMDP+bFoD5Dvhm9oLheFp5O4a2QF0cSBGsBX4qZmadPMvVqlLJBBci+WqGGOAPvcDeNSVg==",
      "dev": true
    },
    "ts-node": {
      "version": "10.9.1",
      "resolved": "https://registry.npmjs.org/ts-node/-/ts-node-10.9.1.tgz",
      "integrity": "sha512-NtVysVPkxxrwFGUUxGYhfux8k78pQB3JqYBXlLRZgdGUqTO5wU/UyHop5p70iEbGhB7q5KmiZiU0Y3KlJrScEw==",
      "requires": {
        "@cspotcode/source-map-support": "^0.8.0",
        "@tsconfig/node10": "^1.0.7",
        "@tsconfig/node12": "^1.0.7",
        "@tsconfig/node14": "^1.0.0",
        "@tsconfig/node16": "^1.0.2",
        "acorn": "^8.4.1",
        "acorn-walk": "^8.1.1",
        "arg": "^4.1.0",
        "create-require": "^1.1.0",
        "diff": "^4.0.1",
        "make-error": "^1.1.1",
        "v8-compile-cache-lib": "^3.0.1",
        "yn": "3.1.1"
      }
    },
    "typescript": {
      "version": "4.9.5",
      "resolved": "https://registry.npmjs.org/typescript/-/typescript-4.9.5.tgz",
      "integrity": "sha512-1FXk9E2Hm+QzZQ7z+McJiHL4NW1F2EzMu9Nq9i3zAaGqibafqYwCVU6WyWAuyQRRzOlxou8xZSyXLEN8oKj24g==",
      "peer": true
    },
    "v8-compile-cache-lib": {
      "version": "3.0.1",
      "resolved": "https://registry.npmjs.org/v8-compile-cache-lib/-/v8-compile-cache-lib-3.0.1.tgz",
      "integrity": "sha512-wa7YjyUGfNZngI/vtK0UHAN+lgDCxBPCylVXGp0zu59Fz5aiGtNXaq3DhIov063MorB+VfufLh3JlF2KdTK3xg=="
    },
    "whatwg-streams": {
      "version": "0.1.1",
      "resolved": "https://registry.npmjs.org/whatwg-streams/-/whatwg-streams-0.1.1.tgz",
      "integrity": "sha512-+UIxdkkbcbhhmcDJIdgVtGTJ7sxV81MY1K++LIWufM8BnIXek3andXURjVs8rV8h2MEFLQbH6YPPZOZATIkZiw==",
      "dev": true,
      "requires": {
        "bluebird": "~1.0.0",
        "tape": "~2.3.2"
      }
    },
    "yn": {
      "version": "3.1.1",
      "resolved": "https://registry.npmjs.org/yn/-/yn-3.1.1.tgz",
      "integrity": "sha512-Ux4ygGWsu2c7isFWe8Yu1YluJmqVhxqK2cLXNQA5AcC3QfbGNpM7fu0Y8b/z16pXLnFxZYvWhd3fhBY9DLmC6Q=="
    }
  }
}
